{
    "name": "@sgroup/click-toggle",
    "version": "1.0.0-beta.2",
    "lockfileVersion": 1,
    "requires": true,
    "dependencies": {
        "vanilla-click-outside": {
            "version": "2.1.0",
            "resolved": "https://registry.npmjs.org/vanilla-click-outside/-/vanilla-click-outside-2.1.0.tgz",
            "integrity": "sha512-4SnxTUfoy/zUsMbZr+2zz608VHW0IH9LRlF3RVcb3APGP/Vf/p1FBN/RtsJ3RkKP0BUOWs1PAbNh4cRSe9xR8Q=="
        }
    }
}
