{
    "name": "@sui/lightswitch",
    "version": "1.0.0-beta.1",
    "lockfileVersion": 1,
    "requires": true,
    "dependencies": {
        "@headlessui/vue": {
            "version": "1.4.0",
            "resolved": "https://registry.npmjs.org/@headlessui/vue/-/vue-1.4.0.tgz",
            "integrity": "sha512-BBLDciyKiGK03whaSVkUacDY2Cd5AR05JCUPWQLvQ9HtjQc9tv5RyPpcdmoXJa+XWI10e3U1JxL+8FY7kJMcEQ=="
        }
    }
}
